
Microsoft Visual Studio Solution File, Format Version 12.00
# Visual Studio Version 16
VisualStudioVersion = 16.0.30717.126
MinimumVisualStudioVersion = 10.0.40219.1
Project("{9A19103F-16F7-4668-BE54-9A1E7A4F7556}") = "SPROUT", "SPROUT\SPROUT.csproj", "{E43BD8F4-F6F8-4994-A21C-C60F8576D597}"
EndProject
Project("{FAE04EC0-301F-11D3-BF4B-00C04F79EFBC}") = "SPROUT.Tests", "SPROUT.Tests\SPROUT.Tests.csproj", "{9A14FA94-7D78-4084-AB1E-989A2D47B381}"
EndProject
Global
	GlobalSection(SolutionConfigurationPlatforms) = preSolution
		Debug|Any CPU = Debug|Any CPU
		Release|Any CPU = Release|Any CPU
	EndGlobalSection
	GlobalSection(ProjectConfigurationPlatforms) = postSolution
		{E43BD8F4-F6F8-4994-A21C-C60F8576D597}.Debug|Any CPU.ActiveCfg = Debug|Any CPU
		{E43BD8F4-F6F8-4994-A21C-C60F8576D597}.Debug|Any CPU.Build.0 = Debug|Any CPU
		{E43BD8F4-F6F8-4994-A21C-C60F8576D597}.Release|Any CPU.ActiveCfg = Release|Any CPU
		{E43BD8F4-F6F8-4994-A21C-C60F8576D597}.Release|Any CPU.Build.0 = Release|Any CPU
		{9A14FA94-7D78-4084-AB1E-989A2D47B381}.Debug|Any CPU.ActiveCfg = Debug|Any CPU
		{9A14FA94-7D78-4084-AB1E-989A2D47B381}.Debug|Any CPU.Build.0 = Debug|Any CPU
		{9A14FA94-7D78-4084-AB1E-989A2D47B381}.Release|Any CPU.ActiveCfg = Release|Any CPU
		{9A14FA94-7D78-4084-AB1E-989A2D47B381}.Release|Any CPU.Build.0 = Release|Any CPU
	EndGlobalSection
	GlobalSection(SolutionProperties) = preSolution
		HideSolutionNode = FALSE
	EndGlobalSection
	GlobalSection(ExtensibilityGlobals) = postSolution
		SolutionGuid = {F00DE1DB-3D3C-4689-AC36-E7DE6B1F4C05}
	EndGlobalSection
EndGlobal
